// !$*UTF8*$!
{
	archiveVersion = 1;
	classes = {
	};
	objectVersion = 50;
	objects = {

/* Begin PBXBuildFile section */
		2BF6FE84242CB36F00EA7C4A /* AppDelegate.swift in Sources */ = {isa = PBXBuildFile; fileRef = 2BF6FE83242CB36F00EA7C4A /* AppDelegate.swift */; };
		2BF6FE86242CB36F00EA7C4A /* SceneDelegate.swift in Sources */ = {isa = PBXBuildFile; fileRef = 2BF6FE85242CB36F00EA7C4A /* SceneDelegate.swift */; };
		2BF6FE88242CB36F00EA7C4A /* LogInViewController.swift in Sources */ = {isa = PBXBuildFile; fileRef = 2BF6FE87242CB36F00EA7C4A /* LogInViewController.swift */; };
		2BF6FE8B242CB36F00EA7C4A /* Main.storyboard in Resources */ = {isa = PBXBuildFile; fileRef = 2BF6FE89242CB36F00EA7C4A /* Main.storyboard */; };
		2BF6FE8D242CB37500EA7C4A /* Assets.xcassets in Resources */ = {isa = PBXBuildFile; fileRef = 2BF6FE8C242CB37500EA7C4A /* Assets.xcassets */; };
		2BF6FE90242CB37500EA7C4A /* LaunchScreen.storyboard in Resources */ = {isa = PBXBuildFile; fileRef = 2BF6FE8E242CB37500EA7C4A /* LaunchScreen.storyboard */; };
		2BF6FE98242CB6BE00EA7C4A /* UIExtensions.swift in Sources */ = {isa = PBXBuildFile; fileRef = 2BF6FE97242CB6BE00EA7C4A /* UIExtensions.swift */; };
		2BF6FE9A242CC8B800EA7C4A /* RegistrationViewController.swift in Sources */ = {isa = PBXBuildFile; fileRef = 2BF6FE99242CC8B800EA7C4A /* RegistrationViewController.swift */; };
/* End PBXBuildFile section */

/* Begin PBXFileReference section */
		2BF6FE80242CB36F00EA7C4A /* goAmaze.app */ = {isa = PBXFileReference; explicitFileType = wrapper.application; includeInIndex = 0; path = goAmaze.app; sourceTree = BUILT_PRODUCTS_DIR; };
		2BF6FE83242CB36F00EA7C4A /* AppDelegate.swift */ = {isa = PBXFileReference; lastKnownFileType = sourcecode.swift; path = AppDelegate.swift; sourceTree = "<group>"; };
		2BF6FE85242CB36F00EA7C4A /* SceneDelegate.swift */ = {isa = PBXFileReference; lastKnownFileType = sourcecode.swift; path = SceneDelegate.swift; sourceTree = "<group>"; };
		2BF6FE87242CB36F00EA7C4A /* LogInViewController.swift */ = {isa = PBXFileReference; lastKnownFileType = sourcecode.swift; path = LogInViewController.swift; sourceTree = "<group>"; };
		2BF6FE8A242CB36F00EA7C4A /* Base */ = {isa = PBXFileReference; lastKnownFileType = file.storyboard; name = Base; path = Base.lproj/Main.storyboard; sourceTree = "<group>"; };
		2BF6FE8C242CB37500EA7C4A /* Assets.xcassets */ = {isa = PBXFileReference; lastKnownFileType = folder.assetcatalog; path = Assets.xcassets; sourceTree = "<group>"; };
		2BF6FE8F242CB37500EA7C4A /* Base */ = {isa = PBXFileReference; lastKnownFileType = file.storyboard; name = Base; path = Base.lproj/LaunchScreen.storyboard; sourceTree = "<group>"; };
		2BF6FE91242CB37500EA7C4A /* Info.plist */ = {isa = PBXFileReference; lastKnownFileType = text.plist.xml; path = Info.plist; sourceTree = "<group>"; };
		2BF6FE97242CB6BE00EA7C4A /* UIExtensions.swift */ = {isa = PBXFileReference; lastKnownFileType = sourcecode.swift; path = UIExtensions.swift; sourceTree = "<group>"; };
		2BF6FE99242CC8B800EA7C4A /* RegistrationViewController.swift */ = {isa = PBXFileReference; lastKnownFileType = sourcecode.swift; path = RegistrationViewController.swift; sourceTree = "<group>"; };
		473BC3AD242DB206001667C8 /* BeautifulPeoplePersonalUse-PYP2.ttf */ = {isa = PBXFileReference; lastKnownFileType = file; path = "BeautifulPeoplePersonalUse-PYP2.ttf"; sourceTree = "<group>"; };
/* End PBXFileReference section */

/* Begin PBXFrameworksBuildPhase section */
		2BF6FE7D242CB36F00EA7C4A /* Frameworks */ = {
			isa = PBXFrameworksBuildPhase;
			buildActionMask = 2147483647;
			files = (
			);
			runOnlyForDeploymentPostprocessing = 0;
		};
/* End PBXFrameworksBuildPhase section */

/* Begin PBXGroup section */
		2BF6FE77242CB36E00EA7C4A = {
			isa = PBXGroup;
			children = (
				2BF6FE82242CB36F00EA7C4A /* goAmaze */,
				2BF6FE81242CB36F00EA7C4A /* Products */,
			);
			sourceTree = "<group>";
		};
		2BF6FE81242CB36F00EA7C4A /* Products */ = {
			isa = PBXGroup;
			children = (
				2BF6FE80242CB36F00EA7C4A /* goAmaze.app */,
			);
			name = Products;
			sourceTree = "<group>";
		};
		2BF6FE82242CB36F00EA7C4A /* goAmaze */ = {
			isa = PBXGroup;
			children = (
				473BC3AC242DB1F8001667C8 /* Fonts */,
				2BF6FE83242CB36F00EA7C4A /* AppDelegate.swift */,
				2BF6FE85242CB36F00EA7C4A /* SceneDelegate.swift */,
				2BF6FE97242CB6BE00EA7C4A /* UIExtensions.swift */,
				2BF6FE87242CB36F00EA7C4A /* LogInViewController.swift */,
				2BF6FE99242CC8B800EA7C4A /* RegistrationViewController.swift */,
				2BF6FE89242CB36F00EA7C4A /* Main.storyboard */,
				2BF6FE8C242CB37500EA7C4A /* Assets.xcassets */,
				2BF6FE8E242CB37500EA7C4A /* LaunchScreen.storyboard */,
				2BF6FE91242CB37500EA7C4A /* Info.plist */,
			);
			path = goAmaze;
			sourceTree = "<group>";
		};
		473BC3AC242DB1F8001667C8 /* Fonts */ = {
			isa = PBXGroup;
			children = (
				473BC3AD242DB206001667C8 /* BeautifulPeoplePersonalUse-PYP2.ttf */,
			);
			path = Fonts;
			sourceTree = "<group>";
		};
/* End PBXGroup section */

/* Begin PBXNativeTarget section */
		2BF6FE7F242CB36F00EA7C4A /* goAmaze */ = {
			isa = PBXNativeTarget;
			buildConfigurationList = 2BF6FE94242CB37500EA7C4A /* Build configuration list for PBXNativeTarget "goAmaze" */;
			buildPhases = (
				2BF6FE7C242CB36F00EA7C4A /* Sources */,
				2BF6FE7D242CB36F00EA7C4A /* Frameworks */,
				2BF6FE7E242CB36F00EA7C4A /* Resources */,
			);
			buildRules = (
			);
			dependencies = (
			);
			name = goAmaze;
			productName = goAmaze;
			productReference = 2BF6FE80242CB36F00EA7C4A /* goAmaze.app */;
			productType = "com.apple.product-type.application";
		};
/* End PBXNativeTarget section */

/* Begin PBXProject section */
		2BF6FE78242CB36E00EA7C4A /* Project object */ = {
			isa = PBXProject;
			attributes = {
				LastSwiftUpdateCheck = 1130;
				LastUpgradeCheck = 1130;
				ORGANIZATIONNAME = personal;
				TargetAttributes = {
					2BF6FE7F242CB36F00EA7C4A = {
						CreatedOnToolsVersion = 11.3.1;
					};
				};
			};
			buildConfigurationList = 2BF6FE7B242CB36E00EA7C4A /* Build configuration list for PBXProject "goAmaze" */;
			compatibilityVersion = "Xcode 9.3";
			developmentRegion = en;
			hasScannedForEncodings = 0;
			knownRegions = (
				en,
				Base,
			);
			mainGroup = 2BF6FE77242CB36E00EA7C4A;
			productRefGroup = 2BF6FE81242CB36F00EA7C4A /* Products */;
			projectDirPath = "";
			projectRoot = "";
			targets = (
				2BF6FE7F242CB36F00EA7C4A /* goAmaze */,
			);
		};
/* End PBXProject section */

/* Begin PBXResourcesBuildPhase section */
		2BF6FE7E242CB36F00EA7C4A /* Resources */ = {
			isa = PBXResourcesBuildPhase;
			buildActionMask = 2147483647;
			files = (
				2BF6FE90242CB37500EA7C4A /* LaunchScreen.storyboard in Resources */,
				2BF6FE8D242CB37500EA7C4A /* Assets.xcassets in Resources */,
				2BF6FE8B242CB36F00EA7C4A /* Main.storyboard in Resources */,
			);
			runOnlyForDeploymentPostprocessing = 0;
		};
/* End PBXResourcesBuildPhase section */

/* Begin PBXSourcesBuildPhase section */
		2BF6FE7C242CB36F00EA7C4A /* Sources */ = {
			isa = PBXSourcesBuildPhase;
			buildActionMask = 2147483647;
			files = (
				2BF6FE88242CB36F00EA7C4A /* LogInViewController.swift in Sources */,
				2BF6FE84242CB36F00EA7C4A /* AppDelegate.swift in Sources */,
				2BF6FE86242CB36F00EA7C4A /* SceneDelegate.swift in Sources */,
				2BF6FE98242CB6BE00EA7C4A /* UIExtensions.swift in Sources */,
				2BF6FE9A242CC8B800EA7C4A /* RegistrationViewController.swift in Sources */,
			);
			runOnlyForDeploymentPostprocessing = 0;
		};
/* End PBXSourcesBuildPhase section */

/* Begin PBXVariantGroup section */
		2BF6FE89242CB36F00EA7C4A /* Main.storyboard */ = {
			isa = PBXVariantGroup;
			children = (
				2BF6FE8A242CB36F00EA7C4A /* Base */,
			);
			name = Main.storyboard;
			sourceTree = "<group>";
		};
		2BF6FE8E242CB37500EA7C4A /* LaunchScreen.storyboard */ = {
			isa = PBXVariantGroup;
			children = (
				2BF6FE8F242CB37500EA7C4A /* Base */,
			);
			name = LaunchScreen.storyboard;
			sourceTree = "<group>";
		};
/* End PBXVariantGroup section */

/* Begin XCBuildConfiguration section */
		2BF6FE92242CB37500EA7C4A /* Debug */ = {
			isa = XCBuildConfiguration;
			buildSettings = {
				ALWAYS_SEARCH_USER_PATHS = NO;
				CLANG_ANALYZER_NONNULL = YES;
				CLANG_ANALYZER_NUMBER_OBJECT_CONVERSION = YES_AGGRESSIVE;
				CLANG_CXX_LANGUAGE_STANDARD = "gnu++14";
				CLANG_CXX_LIBRARY = "libc++";
				CLANG_ENABLE_MODULES = YES;
				CLANG_ENABLE_OBJC_ARC = YES;
				CLANG_ENABLE_OBJC_WEAK = YES;
				CLANG_WARN_BLOCK_CAPTURE_AUTORELEASING = YES;
				CLANG_WARN_BOOL_CONVERSION = YES;
				CLANG_WARN_COMMA = YES;
				CLANG_WARN_CONSTANT_CONVERSION = YES;
				CLANG_WARN_DEPRECATED_OBJC_IMPLEMENTATIONS = YES;
				CLANG_WARN_DIRECT_OBJC_ISA_USAGE = YES_ERROR;
				CLANG_WARN_DOCUMENTATION_COMMENTS = YES;
				CLANG_WARN_EMPTY_BODY = YES;
				CLANG_WARN_ENUM_CONVERSION = YES;
				CLANG_WARN_INFINITE_RECURSION = YES;
				CLANG_WARN_INT_CONVERSION = YES;
				CLANG_WARN_NON_LITERAL_NULL_CONVERSION = YES;
				CLANG_WARN_OBJC_IMPLICIT_RETAIN_SELF = YES;
				CLANG_WARN_OBJC_LITERAL_CONVERSION = YES;
				CLANG_WARN_OBJC_ROOT_CLASS = YES_ERROR;
				CLANG_WARN_RANGE_LOOP_ANALYSIS = YES;
				CLANG_WARN_STRICT_PROTOTYPES = YES;
				CLANG_WARN_SUSPICIOUS_MOVE = YES;
				CLANG_WARN_UNGUARDED_AVAILABILITY = YES_AGGRESSIVE;
				CLANG_WARN_UNREACHABLE_CODE = YES;
				CLANG_WARN__DUPLICATE_METHOD_MATCH = YES;
				COPY_PHASE_STRIP = NO;
				DEBUG_INFORMATION_FORMAT = dwarf;
				ENABLE_STRICT_OBJC_MSGSEND = YES;
				ENABLE_TESTABILITY = YES;
				GCC_C_LANGUAGE_STANDARD = gnu11;
				GCC_DYNAMIC_NO_PIC = NO;
				GCC_NO_COMMON_BLOCKS = YES;
				GCC_OPTIMIZATION_LEVEL = 0;
				GCC_PREPROCESSOR_DEFINITIONS = (
					"DEBUG=1",
					"$(inherited)",
				);
				GCC_WARN_64_TO_32_BIT_CONVERSION = YES;
				GCC_WARN_ABOUT_RETURN_TYPE = YES_ERROR;
				GCC_WARN_UNDECLARED_SELECTOR = YES;
				GCC_WARN_UNINITIALIZED_AUTOS = YES_AGGRESSIVE;
				GCC_WARN_UNUSED_FUNCTION = YES;
				GCC_WARN_UNUSED_VARIABLE = YES;
				IPHONEOS_DEPLOYMENT_TARGET = 13.2;
				MTL_ENABLE_DEBUG_INFO = INCLUDE_SOURCE;
				MTL_FAST_MATH = YES;
				ONLY_ACTIVE_ARCH = YES;
				SDKROOT = iphoneos;
				SWIFT_ACTIVE_COMPILATION_CONDITIONS = DEBUG;
				SWIFT_OPTIMIZATION_LEVEL = "-Onone";
			};
			name = Debug;
		};
		2BF6FE93242CB37500EA7C4A /* Release */ = {
			isa = XCBuildConfiguration;
			buildSettings = {
				ALWAYS_SEARCH_USER_PATHS = NO;
				CLANG_ANALYZER_NONNULL = YES;
				CLANG_ANALYZER_NUMBER_OBJECT_CONVERSION = YES_AGGRESSIVE;
				CLANG_CXX_LANGUAGE_STANDARD = "gnu++14";
				CLANG_CXX_LIBRARY = "libc++";
				CLANG_ENABLE_MODULES = YES;
				CLANG_ENABLE_OBJC_ARC = YES;
				CLANG_ENABLE_OBJC_WEAK = YES;
				CLANG_WARN_BLOCK_CAPTURE_AUTORELEASING = YES;
				CLANG_WARN_BOOL_CONVERSION = YES;
				CLANG_WARN_COMMA = YES;
				CLANG_WARN_CONSTANT_CONVERSION = YES;
				CLANG_WARN_DEPRECATED_OBJC_IMPLEMENTATIONS = YES;
				CLANG_WARN_DIRECT_OBJC_ISA_USAGE = YES_ERROR;
				CLANG_WARN_DOCUMENTATION_COMMENTS = YES;
				CLANG_WARN_EMPTY_BODY = YES;
				CLANG_WARN_ENUM_CONVERSION = YES;
				CLANG_WARN_INFINITE_RECURSION = YES;
				CLANG_WARN_INT_CONVERSION = YES;
				CLANG_WARN_NON_LITERAL_NULL_CONVERSION = YES;
				CLANG_WARN_OBJC_IMPLICIT_RETAIN_SELF = YES;
				CLANG_WARN_OBJC_LITERAL_CONVERSION = YES;
				CLANG_WARN_OBJC_ROOT_CLASS = YES_ERROR;
				CLANG_WARN_RANGE_LOOP_ANALYSIS = YES;
				CLANG_WARN_STRICT_PROTOTYPES = YES;
				CLANG_WARN_SUSPICIOUS_MOVE = YES;
				CLANG_WARN_UNGUARDED_AVAILABILITY = YES_AGGRESSIVE;
				CLANG_WARN_UNREACHABLE_CODE = YES;
				CLANG_WARN__DUPLICATE_METHOD_MATCH = YES;
				COPY_PHASE_STRIP = NO;
				DEBUG_INFORMATION_FORMAT = "dwarf-with-dsym";
				ENABLE_NS_ASSERTIONS = NO;
				ENABLE_STRICT_OBJC_MSGSEND = YES;
				GCC_C_LANGUAGE_STANDARD = gnu11;
				GCC_NO_COMMON_BLOCKS = YES;
				GCC_WARN_64_TO_32_BIT_CONVERSION = YES;
				GCC_WARN_ABOUT_RETURN_TYPE = YES_ERROR;
				GCC_WARN_UNDECLARED_SELECTOR = YES;
				GCC_WARN_UNINITIALIZED_AUTOS = YES_AGGRESSIVE;
				GCC_WARN_UNUSED_FUNCTION = YES;
				GCC_WARN_UNUSED_VARIABLE = YES;
				IPHONEOS_DEPLOYMENT_TARGET = 13.2;
				MTL_ENABLE_DEBUG_INFO = NO;
				MTL_FAST_MATH = YES;
				SDKROOT = iphoneos;
				SWIFT_COMPILATION_MODE = wholemodule;
				SWIFT_OPTIMIZATION_LEVEL = "-O";
				VALIDATE_PRODUCT = YES;
			};
			name = Release;
		};
		2BF6FE95242CB37500EA7C4A /* Debug */ = {
			isa = XCBuildConfiguration;
			buildSettings = {
				ASSETCATALOG_COMPILER_APPICON_NAME = AppIcon;
				CODE_SIGN_STYLE = Automatic;
				DEVELOPMENT_TEAM = R7VYX35CT4;
				INFOPLIST_FILE = goAmaze/Info.plist;
				LD_RUNPATH_SEARCH_PATHS = (
					"$(inherited)",
					"@executable_path/Frameworks",
				);
				PRODUCT_BUNDLE_IDENTIFIER = com.udacity.goAmaze;
				PRODUCT_NAME = "$(TARGET_NAME)";
				SWIFT_VERSION = 5.0;
				TARGETED_DEVICE_FAMILY = "1,2";
			};
			name = Debug;
		};
		2BF6FE96242CB37500EA7C4A /* Release */ = {
			isa = XCBuildConfiguration;
			buildSettings = {
				ASSETCATALOG_COMPILER_APPICON_NAME = AppIcon;
				CODE_SIGN_STYLE = Automatic;
				DEVELOPMENT_TEAM = R7VYX35CT4;
				INFOPLIST_FILE = goAmaze/Info.plist;
				LD_RUNPATH_SEARCH_PATHS = (
					"$(inherited)",
					"@executable_path/Frameworks",
				);
				PRODUCT_BUNDLE_IDENTIFIER = com.udacity.goAmaze;
				PRODUCT_NAME = "$(TARGET_NAME)";
				SWIFT_VERSION = 5.0;
				TARGETED_DEVICE_FAMILY = "1,2";
			};
			name = Release;
		};
/* End XCBuildConfiguration section */

/* Begin XCConfigurationList section */
		2BF6FE7B242CB36E00EA7C4A /* Build configuration list for PBXProject "goAmaze" */ = {
			isa = XCConfigurationList;
			buildConfigurations = (
				2BF6FE92242CB37500EA7C4A /* Debug */,
				2BF6FE93242CB37500EA7C4A /* Release */,
			);
			defaultConfigurationIsVisible = 0;
			defaultConfigurationName = Release;
		};
		2BF6FE94242CB37500EA7C4A /* Build configuration list for PBXNativeTarget "goAmaze" */ = {
			isa = XCConfigurationList;
			buildConfigurations = (
				2BF6FE95242CB37500EA7C4A /* Debug */,
				2BF6FE96242CB37500EA7C4A /* Release */,
			);
			defaultConfigurationIsVisible = 0;
			defaultConfigurationName = Release;
		};
/* End XCConfigurationList section */
	};
	rootObject = 2BF6FE78242CB36E00EA7C4A /* Project object */;
}
