// !$*UTF8*$!
{
	archiveVersion = 1;
	classes = {
	};
	objectVersion = 51;
	objects = {

/* Begin PBXBuildFile section */
		2B165724243E5E1300FF7522 /* CoreDataService.swift in Sources */ = {isa = PBXBuildFile; fileRef = 2B165723243E5E1300FF7522 /* CoreDataService.swift */; };
		2B165725243E64E700FF7522 /* goAmaze.xcdatamodeld in Resources */ = {isa = PBXBuildFile; fileRef = 2B16571A243E3F6500FF7522 /* goAmaze.xcdatamodeld */; };
		2B3E09E4243F87F600F44D74 /* MainContentViewController.swift in Sources */ = {isa = PBXBuildFile; fileRef = 2B3E09E3243F87F600F44D74 /* MainContentViewController.swift */; };
		2B3E09E6243F88B800F44D74 /* APIManager.swift in Sources */ = {isa = PBXBuildFile; fileRef = 2B3E09E5243F88B800F44D74 /* APIManager.swift */; };
		2B3E09EB243F88CE00F44D74 /* Objects.swift in Sources */ = {isa = PBXBuildFile; fileRef = 2B3E09E8243F88CE00F44D74 /* Objects.swift */; };
		2B3E09EC243F88CE00F44D74 /* Content.swift in Sources */ = {isa = PBXBuildFile; fileRef = 2B3E09E9243F88CE00F44D74 /* Content.swift */; };
		2B3E09ED243F88CE00F44D74 /* Product.swift in Sources */ = {isa = PBXBuildFile; fileRef = 2B3E09EA243F88CE00F44D74 /* Product.swift */; };
		2B3E09F3243F88E500F44D74 /* BannerTableViewCell.xib in Resources */ = {isa = PBXBuildFile; fileRef = 2B3E09EF243F88E500F44D74 /* BannerTableViewCell.xib */; };
		2B3E09F4243F88E500F44D74 /* SplitBannerCell.swift in Sources */ = {isa = PBXBuildFile; fileRef = 2B3E09F0243F88E500F44D74 /* SplitBannerCell.swift */; };
		2B3E09F5243F88E500F44D74 /* BannerTableViewCell.swift in Sources */ = {isa = PBXBuildFile; fileRef = 2B3E09F1243F88E500F44D74 /* BannerTableViewCell.swift */; };
		2B3E09F6243F88E500F44D74 /* SplitBannerCell.xib in Resources */ = {isa = PBXBuildFile; fileRef = 2B3E09F2243F88E500F44D74 /* SplitBannerCell.xib */; };
		2B3E09F9243F891900F44D74 /* ContentViewModel.swift in Sources */ = {isa = PBXBuildFile; fileRef = 2B3E09F8243F891900F44D74 /* ContentViewModel.swift */; };
		2B3E09FB243F894600F44D74 /* Product_List.json in Resources */ = {isa = PBXBuildFile; fileRef = 2B3E09FA243F894500F44D74 /* Product_List.json */; };
		2B3E0A05243F9C3E00F44D74 /* MenuViewController.swift in Sources */ = {isa = PBXBuildFile; fileRef = 2B3E0A03243F9C3E00F44D74 /* MenuViewController.swift */; };
		2B3E0A0D243FA06900F44D74 /* Authentication+CoreDataClass.swift in Sources */ = {isa = PBXBuildFile; fileRef = 2B3E0A0B243FA06800F44D74 /* Authentication+CoreDataClass.swift */; };
		2B3E0A0E243FA06900F44D74 /* Authentication+CoreDataProperties.swift in Sources */ = {isa = PBXBuildFile; fileRef = 2B3E0A0C243FA06900F44D74 /* Authentication+CoreDataProperties.swift */; };
		2BF6FE84242CB36F00EA7C4A /* AppDelegate.swift in Sources */ = {isa = PBXBuildFile; fileRef = 2BF6FE83242CB36F00EA7C4A /* AppDelegate.swift */; };
		2BF6FE88242CB36F00EA7C4A /* LogInViewController.swift in Sources */ = {isa = PBXBuildFile; fileRef = 2BF6FE87242CB36F00EA7C4A /* LogInViewController.swift */; };
		2BF6FE8B242CB36F00EA7C4A /* Main.storyboard in Resources */ = {isa = PBXBuildFile; fileRef = 2BF6FE89242CB36F00EA7C4A /* Main.storyboard */; };
		2BF6FE8D242CB37500EA7C4A /* Assets.xcassets in Resources */ = {isa = PBXBuildFile; fileRef = 2BF6FE8C242CB37500EA7C4A /* Assets.xcassets */; };
		2BF6FE90242CB37500EA7C4A /* LaunchScreen.storyboard in Resources */ = {isa = PBXBuildFile; fileRef = 2BF6FE8E242CB37500EA7C4A /* LaunchScreen.storyboard */; };
		2BF6FE98242CB6BE00EA7C4A /* UIExtensions.swift in Sources */ = {isa = PBXBuildFile; fileRef = 2BF6FE97242CB6BE00EA7C4A /* UIExtensions.swift */; };
		2BF6FE9A242CC8B800EA7C4A /* RegistrationViewController.swift in Sources */ = {isa = PBXBuildFile; fileRef = 2BF6FE99242CC8B800EA7C4A /* RegistrationViewController.swift */; };
		4781A16B24404B9700C8D73B /* eCommerceHorizontalScrollTableViewCell.swift in Sources */ = {isa = PBXBuildFile; fileRef = 4781A16924404B9700C8D73B /* eCommerceHorizontalScrollTableViewCell.swift */; };
		4781A16C24404B9700C8D73B /* eCommerceHorizontalScrollTableViewCell.xib in Resources */ = {isa = PBXBuildFile; fileRef = 4781A16A24404B9700C8D73B /* eCommerceHorizontalScrollTableViewCell.xib */; };
		4781A16F24404C0400C8D73B /* eCommerceCollectionViewCellItem.swift in Sources */ = {isa = PBXBuildFile; fileRef = 4781A16D24404C0400C8D73B /* eCommerceCollectionViewCellItem.swift */; };
		4781A17024404C0400C8D73B /* eCommerceCollectionViewCellItem.xib in Resources */ = {isa = PBXBuildFile; fileRef = 4781A16E24404C0400C8D73B /* eCommerceCollectionViewCellItem.xib */; };
		DE91F7E93BC905AEF22A8227 /* libPods-goAmaze.a in Frameworks */ = {isa = PBXBuildFile; fileRef = 40D821E40CF841E0A5D10FD6 /* libPods-goAmaze.a */; };
/* End PBXBuildFile section */

/* Begin PBXFileReference section */
		0F730DE99B9D82C957565B67 /* Pods-goAmaze.release.xcconfig */ = {isa = PBXFileReference; includeInIndex = 1; lastKnownFileType = text.xcconfig; name = "Pods-goAmaze.release.xcconfig"; path = "Target Support Files/Pods-goAmaze/Pods-goAmaze.release.xcconfig"; sourceTree = "<group>"; };
		2B165719243E3F6500FF7522 /* goAmaze.xcdatamodel */ = {isa = PBXFileReference; lastKnownFileType = wrapper.xcdatamodel; path = goAmaze.xcdatamodel; sourceTree = "<group>"; };
		2B165723243E5E1300FF7522 /* CoreDataService.swift */ = {isa = PBXFileReference; lastKnownFileType = sourcecode.swift; path = CoreDataService.swift; sourceTree = "<group>"; };
		2B3E09E3243F87F600F44D74 /* MainContentViewController.swift */ = {isa = PBXFileReference; lastKnownFileType = sourcecode.swift; path = MainContentViewController.swift; sourceTree = "<group>"; };
		2B3E09E5243F88B800F44D74 /* APIManager.swift */ = {isa = PBXFileReference; fileEncoding = 4; lastKnownFileType = sourcecode.swift; path = APIManager.swift; sourceTree = "<group>"; };
		2B3E09E8243F88CE00F44D74 /* Objects.swift */ = {isa = PBXFileReference; fileEncoding = 4; lastKnownFileType = sourcecode.swift; path = Objects.swift; sourceTree = "<group>"; };
		2B3E09E9243F88CE00F44D74 /* Content.swift */ = {isa = PBXFileReference; fileEncoding = 4; lastKnownFileType = sourcecode.swift; path = Content.swift; sourceTree = "<group>"; };
		2B3E09EA243F88CE00F44D74 /* Product.swift */ = {isa = PBXFileReference; fileEncoding = 4; lastKnownFileType = sourcecode.swift; path = Product.swift; sourceTree = "<group>"; };
		2B3E09EF243F88E500F44D74 /* BannerTableViewCell.xib */ = {isa = PBXFileReference; fileEncoding = 4; lastKnownFileType = file.xib; path = BannerTableViewCell.xib; sourceTree = "<group>"; };
		2B3E09F0243F88E500F44D74 /* SplitBannerCell.swift */ = {isa = PBXFileReference; fileEncoding = 4; lastKnownFileType = sourcecode.swift; path = SplitBannerCell.swift; sourceTree = "<group>"; };
		2B3E09F1243F88E500F44D74 /* BannerTableViewCell.swift */ = {isa = PBXFileReference; fileEncoding = 4; lastKnownFileType = sourcecode.swift; path = BannerTableViewCell.swift; sourceTree = "<group>"; };
		2B3E09F2243F88E500F44D74 /* SplitBannerCell.xib */ = {isa = PBXFileReference; fileEncoding = 4; lastKnownFileType = file.xib; path = SplitBannerCell.xib; sourceTree = "<group>"; };
		2B3E09F8243F891900F44D74 /* ContentViewModel.swift */ = {isa = PBXFileReference; fileEncoding = 4; lastKnownFileType = sourcecode.swift; path = ContentViewModel.swift; sourceTree = "<group>"; };
		2B3E09FA243F894500F44D74 /* Product_List.json */ = {isa = PBXFileReference; fileEncoding = 4; lastKnownFileType = text.json; path = Product_List.json; sourceTree = "<group>"; };
		2B3E0A03243F9C3E00F44D74 /* MenuViewController.swift */ = {isa = PBXFileReference; fileEncoding = 4; lastKnownFileType = sourcecode.swift; path = MenuViewController.swift; sourceTree = "<group>"; };
		2B3E0A0B243FA06800F44D74 /* Authentication+CoreDataClass.swift */ = {isa = PBXFileReference; fileEncoding = 4; lastKnownFileType = sourcecode.swift; path = "Authentication+CoreDataClass.swift"; sourceTree = "<group>"; };
		2B3E0A0C243FA06900F44D74 /* Authentication+CoreDataProperties.swift */ = {isa = PBXFileReference; fileEncoding = 4; lastKnownFileType = sourcecode.swift; path = "Authentication+CoreDataProperties.swift"; sourceTree = "<group>"; };
		2BF6FE80242CB36F00EA7C4A /* goAmaze.app */ = {isa = PBXFileReference; explicitFileType = wrapper.application; includeInIndex = 0; path = goAmaze.app; sourceTree = BUILT_PRODUCTS_DIR; };
		2BF6FE83242CB36F00EA7C4A /* AppDelegate.swift */ = {isa = PBXFileReference; lastKnownFileType = sourcecode.swift; path = AppDelegate.swift; sourceTree = "<group>"; };
		2BF6FE87242CB36F00EA7C4A /* LogInViewController.swift */ = {isa = PBXFileReference; lastKnownFileType = sourcecode.swift; path = LogInViewController.swift; sourceTree = "<group>"; };
		2BF6FE8A242CB36F00EA7C4A /* Base */ = {isa = PBXFileReference; lastKnownFileType = file.storyboard; name = Base; path = Base.lproj/Main.storyboard; sourceTree = "<group>"; };
		2BF6FE8C242CB37500EA7C4A /* Assets.xcassets */ = {isa = PBXFileReference; lastKnownFileType = folder.assetcatalog; path = Assets.xcassets; sourceTree = "<group>"; };
		2BF6FE8F242CB37500EA7C4A /* Base */ = {isa = PBXFileReference; lastKnownFileType = file.storyboard; name = Base; path = Base.lproj/LaunchScreen.storyboard; sourceTree = "<group>"; };
		2BF6FE91242CB37500EA7C4A /* Info.plist */ = {isa = PBXFileReference; lastKnownFileType = text.plist.xml; path = Info.plist; sourceTree = "<group>"; };
		2BF6FE97242CB6BE00EA7C4A /* UIExtensions.swift */ = {isa = PBXFileReference; lastKnownFileType = sourcecode.swift; path = UIExtensions.swift; sourceTree = "<group>"; };
		2BF6FE99242CC8B800EA7C4A /* RegistrationViewController.swift */ = {isa = PBXFileReference; lastKnownFileType = sourcecode.swift; path = RegistrationViewController.swift; sourceTree = "<group>"; };
		40D821E40CF841E0A5D10FD6 /* libPods-goAmaze.a */ = {isa = PBXFileReference; explicitFileType = archive.ar; includeInIndex = 0; path = "libPods-goAmaze.a"; sourceTree = BUILT_PRODUCTS_DIR; };
		4781A16924404B9700C8D73B /* eCommerceHorizontalScrollTableViewCell.swift */ = {isa = PBXFileReference; lastKnownFileType = sourcecode.swift; path = eCommerceHorizontalScrollTableViewCell.swift; sourceTree = "<group>"; };
		4781A16A24404B9700C8D73B /* eCommerceHorizontalScrollTableViewCell.xib */ = {isa = PBXFileReference; lastKnownFileType = file.xib; path = eCommerceHorizontalScrollTableViewCell.xib; sourceTree = "<group>"; };
		4781A16D24404C0400C8D73B /* eCommerceCollectionViewCellItem.swift */ = {isa = PBXFileReference; lastKnownFileType = sourcecode.swift; path = eCommerceCollectionViewCellItem.swift; sourceTree = "<group>"; };
		4781A16E24404C0400C8D73B /* eCommerceCollectionViewCellItem.xib */ = {isa = PBXFileReference; lastKnownFileType = file.xib; path = eCommerceCollectionViewCellItem.xib; sourceTree = "<group>"; };
		EDA1DD3BC181C89BFEDFEF83 /* Pods-goAmaze.debug.xcconfig */ = {isa = PBXFileReference; includeInIndex = 1; lastKnownFileType = text.xcconfig; name = "Pods-goAmaze.debug.xcconfig"; path = "Target Support Files/Pods-goAmaze/Pods-goAmaze.debug.xcconfig"; sourceTree = "<group>"; };
/* End PBXFileReference section */

/* Begin PBXFrameworksBuildPhase section */
		2BF6FE7D242CB36F00EA7C4A /* Frameworks */ = {
			isa = PBXFrameworksBuildPhase;
			buildActionMask = 2147483647;
			files = (
				DE91F7E93BC905AEF22A8227 /* libPods-goAmaze.a in Frameworks */,
			);
			runOnlyForDeploymentPostprocessing = 0;
		};
/* End PBXFrameworksBuildPhase section */

/* Begin PBXGroup section */
		2B16571B243E5D5B00FF7522 /* Core Data Models */ = {
			isa = PBXGroup;
			children = (
				2B3E0A0B243FA06800F44D74 /* Authentication+CoreDataClass.swift */,
				2B3E0A0C243FA06900F44D74 /* Authentication+CoreDataProperties.swift */,
			);
			path = "Core Data Models";
			sourceTree = "<group>";
		};
		2B165720243E5D9400FF7522 /* Extensions */ = {
			isa = PBXGroup;
			children = (
				2BF6FE97242CB6BE00EA7C4A /* UIExtensions.swift */,
			);
			path = Extensions;
			sourceTree = "<group>";
		};
		2B165721243E5DCE00FF7522 /* ViewControllers */ = {
			isa = PBXGroup;
			children = (
				2BF6FE99242CC8B800EA7C4A /* RegistrationViewController.swift */,
				2BF6FE87242CB36F00EA7C4A /* LogInViewController.swift */,
				2B3E09E3243F87F600F44D74 /* MainContentViewController.swift */,
			);
			path = ViewControllers;
			sourceTree = "<group>";
		};
		2B165722243E5DEB00FF7522 /* Services */ = {
			isa = PBXGroup;
			children = (
				2B3E09E5243F88B800F44D74 /* APIManager.swift */,
				2B165723243E5E1300FF7522 /* CoreDataService.swift */,
			);
			path = Services;
			sourceTree = "<group>";
		};
		2B3E09E7243F88CE00F44D74 /* Models */ = {
			isa = PBXGroup;
			children = (
				2B3E09E8243F88CE00F44D74 /* Objects.swift */,
				2B3E09E9243F88CE00F44D74 /* Content.swift */,
				2B3E09EA243F88CE00F44D74 /* Product.swift */,
			);
			path = Models;
			sourceTree = "<group>";
		};
		2B3E09EE243F88E500F44D74 /* View */ = {
			isa = PBXGroup;
			children = (
				4781A16924404B9700C8D73B /* eCommerceHorizontalScrollTableViewCell.swift */,
				4781A16A24404B9700C8D73B /* eCommerceHorizontalScrollTableViewCell.xib */,
				4781A16D24404C0400C8D73B /* eCommerceCollectionViewCellItem.swift */,
				4781A16E24404C0400C8D73B /* eCommerceCollectionViewCellItem.xib */,
				2B3E09F1243F88E500F44D74 /* BannerTableViewCell.swift */,
				2B3E09EF243F88E500F44D74 /* BannerTableViewCell.xib */,
				2B3E09F0243F88E500F44D74 /* SplitBannerCell.swift */,
				2B3E09F2243F88E500F44D74 /* SplitBannerCell.xib */,
			);
			path = View;
			sourceTree = "<group>";
		};
		2B3E09F7243F891900F44D74 /* ViewModel */ = {
			isa = PBXGroup;
			children = (
				2B3E09F8243F891900F44D74 /* ContentViewModel.swift */,
			);
			path = ViewModel;
			sourceTree = "<group>";
		};
		2B3E0A06243F9C4900F44D74 /* Menu Bar */ = {
			isa = PBXGroup;
			children = (
				2B3E0A03243F9C3E00F44D74 /* MenuViewController.swift */,
			);
			path = "Menu Bar";
			sourceTree = "<group>";
		};
		2BF6FE77242CB36E00EA7C4A = {
			isa = PBXGroup;
			children = (
				2BF6FE82242CB36F00EA7C4A /* goAmaze */,
				2BF6FE81242CB36F00EA7C4A /* Products */,
				31A08127AF3960FC1B87135C /* Pods */,
				AA1E63BB094F09788B4FAA38 /* Frameworks */,
			);
			sourceTree = "<group>";
		};
		2BF6FE81242CB36F00EA7C4A /* Products */ = {
			isa = PBXGroup;
			children = (
				2BF6FE80242CB36F00EA7C4A /* goAmaze.app */,
			);
			name = Products;
			sourceTree = "<group>";
		};
		2BF6FE82242CB36F00EA7C4A /* goAmaze */ = {
			isa = PBXGroup;
			children = (
				2BF6FE83242CB36F00EA7C4A /* AppDelegate.swift */,
				2B3E0A06243F9C4900F44D74 /* Menu Bar */,
				2B165720243E5D9400FF7522 /* Extensions */,
				2B16571B243E5D5B00FF7522 /* Core Data Models */,
				2B165722243E5DEB00FF7522 /* Services */,
				2B3E09E7243F88CE00F44D74 /* Models */,
				2B3E09EE243F88E500F44D74 /* View */,
				2B3E09F7243F891900F44D74 /* ViewModel */,
				2B165721243E5DCE00FF7522 /* ViewControllers */,
				2BF6FE89242CB36F00EA7C4A /* Main.storyboard */,
				2BF6FE8C242CB37500EA7C4A /* Assets.xcassets */,
				2BF6FE8E242CB37500EA7C4A /* LaunchScreen.storyboard */,
				2B16571A243E3F6500FF7522 /* goAmaze.xcdatamodeld */,
				2B3E09FA243F894500F44D74 /* Product_List.json */,
				2BF6FE91242CB37500EA7C4A /* Info.plist */,
			);
			path = goAmaze;
			sourceTree = "<group>";
		};
		31A08127AF3960FC1B87135C /* Pods */ = {
			isa = PBXGroup;
			children = (
				EDA1DD3BC181C89BFEDFEF83 /* Pods-goAmaze.debug.xcconfig */,
				0F730DE99B9D82C957565B67 /* Pods-goAmaze.release.xcconfig */,
			);
			path = Pods;
			sourceTree = "<group>";
		};
		AA1E63BB094F09788B4FAA38 /* Frameworks */ = {
			isa = PBXGroup;
			children = (
				40D821E40CF841E0A5D10FD6 /* libPods-goAmaze.a */,
			);
			name = Frameworks;
			sourceTree = "<group>";
		};
/* End PBXGroup section */

/* Begin PBXNativeTarget section */
		2BF6FE7F242CB36F00EA7C4A /* goAmaze */ = {
			isa = PBXNativeTarget;
			buildConfigurationList = 2BF6FE94242CB37500EA7C4A /* Build configuration list for PBXNativeTarget "goAmaze" */;
			buildPhases = (
				A26199B6D0F1E27FE8F9FDE7 /* [CP] Check Pods Manifest.lock */,
				2BF6FE7C242CB36F00EA7C4A /* Sources */,
				2BF6FE7D242CB36F00EA7C4A /* Frameworks */,
				2BF6FE7E242CB36F00EA7C4A /* Resources */,
				38C9982B25FC5757AEE3E801 /* [CP] Copy Pods Resources */,
			);
			buildRules = (
			);
			dependencies = (
			);
			name = goAmaze;
			productName = goAmaze;
			productReference = 2BF6FE80242CB36F00EA7C4A /* goAmaze.app */;
			productType = "com.apple.product-type.application";
		};
/* End PBXNativeTarget section */

/* Begin PBXProject section */
		2BF6FE78242CB36E00EA7C4A /* Project object */ = {
			isa = PBXProject;
			attributes = {
				LastSwiftUpdateCheck = 1130;
				LastUpgradeCheck = 1130;
				ORGANIZATIONNAME = personal;
				TargetAttributes = {
					2BF6FE7F242CB36F00EA7C4A = {
						CreatedOnToolsVersion = 11.3.1;
					};
				};
			};
			buildConfigurationList = 2BF6FE7B242CB36E00EA7C4A /* Build configuration list for PBXProject "goAmaze" */;
			compatibilityVersion = "Xcode 9.3";
			developmentRegion = en;
			hasScannedForEncodings = 0;
			knownRegions = (
				en,
				Base,
			);
			mainGroup = 2BF6FE77242CB36E00EA7C4A;
			productRefGroup = 2BF6FE81242CB36F00EA7C4A /* Products */;
			projectDirPath = "";
			projectRoot = "";
			targets = (
				2BF6FE7F242CB36F00EA7C4A /* goAmaze */,
			);
		};
/* End PBXProject section */

/* Begin PBXResourcesBuildPhase section */
		2BF6FE7E242CB36F00EA7C4A /* Resources */ = {
			isa = PBXResourcesBuildPhase;
			buildActionMask = 2147483647;
			files = (
				2B3E09F6243F88E500F44D74 /* SplitBannerCell.xib in Resources */,
				4781A17024404C0400C8D73B /* eCommerceCollectionViewCellItem.xib in Resources */,
				2B3E09FB243F894600F44D74 /* Product_List.json in Resources */,
				2B3E09F3243F88E500F44D74 /* BannerTableViewCell.xib in Resources */,
				2B165725243E64E700FF7522 /* goAmaze.xcdatamodeld in Resources */,
				2BF6FE90242CB37500EA7C4A /* LaunchScreen.storyboard in Resources */,
				2BF6FE8D242CB37500EA7C4A /* Assets.xcassets in Resources */,
				2BF6FE8B242CB36F00EA7C4A /* Main.storyboard in Resources */,
				4781A16C24404B9700C8D73B /* eCommerceHorizontalScrollTableViewCell.xib in Resources */,
			);
			runOnlyForDeploymentPostprocessing = 0;
		};
/* End PBXResourcesBuildPhase section */

/* Begin PBXShellScriptBuildPhase section */
		38C9982B25FC5757AEE3E801 /* [CP] Copy Pods Resources */ = {
			isa = PBXShellScriptBuildPhase;
			buildActionMask = 2147483647;
			files = (
			);
			inputFileListPaths = (
				"${PODS_ROOT}/Target Support Files/Pods-goAmaze/Pods-goAmaze-resources-${CONFIGURATION}-input-files.xcfilelist",
			);
			name = "[CP] Copy Pods Resources";
			outputFileListPaths = (
				"${PODS_ROOT}/Target Support Files/Pods-goAmaze/Pods-goAmaze-resources-${CONFIGURATION}-output-files.xcfilelist",
			);
			runOnlyForDeploymentPostprocessing = 0;
			shellPath = /bin/sh;
			shellScript = "\"${PODS_ROOT}/Target Support Files/Pods-goAmaze/Pods-goAmaze-resources.sh\"\n";
			showEnvVarsInLog = 0;
		};
		A26199B6D0F1E27FE8F9FDE7 /* [CP] Check Pods Manifest.lock */ = {
			isa = PBXShellScriptBuildPhase;
			buildActionMask = 2147483647;
			files = (
			);
			inputFileListPaths = (
			);
			inputPaths = (
				"${PODS_PODFILE_DIR_PATH}/Podfile.lock",
				"${PODS_ROOT}/Manifest.lock",
			);
			name = "[CP] Check Pods Manifest.lock";
			outputFileListPaths = (
			);
			outputPaths = (
				"$(DERIVED_FILE_DIR)/Pods-goAmaze-checkManifestLockResult.txt",
			);
			runOnlyForDeploymentPostprocessing = 0;
			shellPath = /bin/sh;
			shellScript = "diff \"${PODS_PODFILE_DIR_PATH}/Podfile.lock\" \"${PODS_ROOT}/Manifest.lock\" > /dev/null\nif [ $? != 0 ] ; then\n    # print error to STDERR\n    echo \"error: The sandbox is not in sync with the Podfile.lock. Run 'pod install' or update your CocoaPods installation.\" >&2\n    exit 1\nfi\n# This output is used by Xcode 'outputs' to avoid re-running this script phase.\necho \"SUCCESS\" > \"${SCRIPT_OUTPUT_FILE_0}\"\n";
			showEnvVarsInLog = 0;
		};
/* End PBXShellScriptBuildPhase section */

/* Begin PBXSourcesBuildPhase section */
		2BF6FE7C242CB36F00EA7C4A /* Sources */ = {
			isa = PBXSourcesBuildPhase;
			buildActionMask = 2147483647;
			files = (
				2B3E09F5243F88E500F44D74 /* BannerTableViewCell.swift in Sources */,
				2BF6FE88242CB36F00EA7C4A /* LogInViewController.swift in Sources */,
				2B3E09E4243F87F600F44D74 /* MainContentViewController.swift in Sources */,
				2B3E09EB243F88CE00F44D74 /* Objects.swift in Sources */,
				4781A16B24404B9700C8D73B /* eCommerceHorizontalScrollTableViewCell.swift in Sources */,
				2B3E09E6243F88B800F44D74 /* APIManager.swift in Sources */,
				2BF6FE84242CB36F00EA7C4A /* AppDelegate.swift in Sources */,
				2B3E0A0D243FA06900F44D74 /* Authentication+CoreDataClass.swift in Sources */,
				2B3E09F9243F891900F44D74 /* ContentViewModel.swift in Sources */,
				2B165724243E5E1300FF7522 /* CoreDataService.swift in Sources */,
				2B3E09F4243F88E500F44D74 /* SplitBannerCell.swift in Sources */,
				2B3E0A05243F9C3E00F44D74 /* MenuViewController.swift in Sources */,
				2B3E0A0E243FA06900F44D74 /* Authentication+CoreDataProperties.swift in Sources */,
				2BF6FE98242CB6BE00EA7C4A /* UIExtensions.swift in Sources */,
				2BF6FE9A242CC8B800EA7C4A /* RegistrationViewController.swift in Sources */,
				4781A16F24404C0400C8D73B /* eCommerceCollectionViewCellItem.swift in Sources */,
				2B3E09EC243F88CE00F44D74 /* Content.swift in Sources */,
				2B3E09ED243F88CE00F44D74 /* Product.swift in Sources */,
			);
			runOnlyForDeploymentPostprocessing = 0;
		};
/* End PBXSourcesBuildPhase section */

/* Begin PBXVariantGroup section */
		2BF6FE89242CB36F00EA7C4A /* Main.storyboard */ = {
			isa = PBXVariantGroup;
			children = (
				2BF6FE8A242CB36F00EA7C4A /* Base */,
			);
			name = Main.storyboard;
			sourceTree = "<group>";
		};
		2BF6FE8E242CB37500EA7C4A /* LaunchScreen.storyboard */ = {
			isa = PBXVariantGroup;
			children = (
				2BF6FE8F242CB37500EA7C4A /* Base */,
			);
			name = LaunchScreen.storyboard;
			sourceTree = "<group>";
		};
/* End PBXVariantGroup section */

/* Begin XCBuildConfiguration section */
		2BF6FE92242CB37500EA7C4A /* Debug */ = {
			isa = XCBuildConfiguration;
			buildSettings = {
				ALWAYS_SEARCH_USER_PATHS = NO;
				CLANG_ANALYZER_NONNULL = YES;
				CLANG_ANALYZER_NUMBER_OBJECT_CONVERSION = YES_AGGRESSIVE;
				CLANG_CXX_LANGUAGE_STANDARD = "gnu++14";
				CLANG_CXX_LIBRARY = "libc++";
				CLANG_ENABLE_MODULES = YES;
				CLANG_ENABLE_OBJC_ARC = YES;
				CLANG_ENABLE_OBJC_WEAK = YES;
				CLANG_WARN_BLOCK_CAPTURE_AUTORELEASING = YES;
				CLANG_WARN_BOOL_CONVERSION = YES;
				CLANG_WARN_COMMA = YES;
				CLANG_WARN_CONSTANT_CONVERSION = YES;
				CLANG_WARN_DEPRECATED_OBJC_IMPLEMENTATIONS = YES;
				CLANG_WARN_DIRECT_OBJC_ISA_USAGE = YES_ERROR;
				CLANG_WARN_DOCUMENTATION_COMMENTS = YES;
				CLANG_WARN_EMPTY_BODY = YES;
				CLANG_WARN_ENUM_CONVERSION = YES;
				CLANG_WARN_INFINITE_RECURSION = YES;
				CLANG_WARN_INT_CONVERSION = YES;
				CLANG_WARN_NON_LITERAL_NULL_CONVERSION = YES;
				CLANG_WARN_OBJC_IMPLICIT_RETAIN_SELF = YES;
				CLANG_WARN_OBJC_LITERAL_CONVERSION = YES;
				CLANG_WARN_OBJC_ROOT_CLASS = YES_ERROR;
				CLANG_WARN_RANGE_LOOP_ANALYSIS = YES;
				CLANG_WARN_STRICT_PROTOTYPES = YES;
				CLANG_WARN_SUSPICIOUS_MOVE = YES;
				CLANG_WARN_UNGUARDED_AVAILABILITY = YES_AGGRESSIVE;
				CLANG_WARN_UNREACHABLE_CODE = YES;
				CLANG_WARN__DUPLICATE_METHOD_MATCH = YES;
				COPY_PHASE_STRIP = NO;
				DEBUG_INFORMATION_FORMAT = dwarf;
				ENABLE_STRICT_OBJC_MSGSEND = YES;
				ENABLE_TESTABILITY = YES;
				GCC_C_LANGUAGE_STANDARD = gnu11;
				GCC_DYNAMIC_NO_PIC = NO;
				GCC_NO_COMMON_BLOCKS = YES;
				GCC_OPTIMIZATION_LEVEL = 0;
				GCC_PREPROCESSOR_DEFINITIONS = (
					"DEBUG=1",
					"$(inherited)",
				);
				GCC_WARN_64_TO_32_BIT_CONVERSION = YES;
				GCC_WARN_ABOUT_RETURN_TYPE = YES_ERROR;
				GCC_WARN_UNDECLARED_SELECTOR = YES;
				GCC_WARN_UNINITIALIZED_AUTOS = YES_AGGRESSIVE;
				GCC_WARN_UNUSED_FUNCTION = YES;
				GCC_WARN_UNUSED_VARIABLE = YES;
				IPHONEOS_DEPLOYMENT_TARGET = 13.2;
				MTL_ENABLE_DEBUG_INFO = INCLUDE_SOURCE;
				MTL_FAST_MATH = YES;
				ONLY_ACTIVE_ARCH = YES;
				SDKROOT = iphoneos;
				SWIFT_ACTIVE_COMPILATION_CONDITIONS = DEBUG;
				SWIFT_OPTIMIZATION_LEVEL = "-Onone";
			};
			name = Debug;
		};
		2BF6FE93242CB37500EA7C4A /* Release */ = {
			isa = XCBuildConfiguration;
			buildSettings = {
				ALWAYS_SEARCH_USER_PATHS = NO;
				CLANG_ANALYZER_NONNULL = YES;
				CLANG_ANALYZER_NUMBER_OBJECT_CONVERSION = YES_AGGRESSIVE;
				CLANG_CXX_LANGUAGE_STANDARD = "gnu++14";
				CLANG_CXX_LIBRARY = "libc++";
				CLANG_ENABLE_MODULES = YES;
				CLANG_ENABLE_OBJC_ARC = YES;
				CLANG_ENABLE_OBJC_WEAK = YES;
				CLANG_WARN_BLOCK_CAPTURE_AUTORELEASING = YES;
				CLANG_WARN_BOOL_CONVERSION = YES;
				CLANG_WARN_COMMA = YES;
				CLANG_WARN_CONSTANT_CONVERSION = YES;
				CLANG_WARN_DEPRECATED_OBJC_IMPLEMENTATIONS = YES;
				CLANG_WARN_DIRECT_OBJC_ISA_USAGE = YES_ERROR;
				CLANG_WARN_DOCUMENTATION_COMMENTS = YES;
				CLANG_WARN_EMPTY_BODY = YES;
				CLANG_WARN_ENUM_CONVERSION = YES;
				CLANG_WARN_INFINITE_RECURSION = YES;
				CLANG_WARN_INT_CONVERSION = YES;
				CLANG_WARN_NON_LITERAL_NULL_CONVERSION = YES;
				CLANG_WARN_OBJC_IMPLICIT_RETAIN_SELF = YES;
				CLANG_WARN_OBJC_LITERAL_CONVERSION = YES;
				CLANG_WARN_OBJC_ROOT_CLASS = YES_ERROR;
				CLANG_WARN_RANGE_LOOP_ANALYSIS = YES;
				CLANG_WARN_STRICT_PROTOTYPES = YES;
				CLANG_WARN_SUSPICIOUS_MOVE = YES;
				CLANG_WARN_UNGUARDED_AVAILABILITY = YES_AGGRESSIVE;
				CLANG_WARN_UNREACHABLE_CODE = YES;
				CLANG_WARN__DUPLICATE_METHOD_MATCH = YES;
				COPY_PHASE_STRIP = NO;
				DEBUG_INFORMATION_FORMAT = "dwarf-with-dsym";
				ENABLE_NS_ASSERTIONS = NO;
				ENABLE_STRICT_OBJC_MSGSEND = YES;
				GCC_C_LANGUAGE_STANDARD = gnu11;
				GCC_NO_COMMON_BLOCKS = YES;
				GCC_WARN_64_TO_32_BIT_CONVERSION = YES;
				GCC_WARN_ABOUT_RETURN_TYPE = YES_ERROR;
				GCC_WARN_UNDECLARED_SELECTOR = YES;
				GCC_WARN_UNINITIALIZED_AUTOS = YES_AGGRESSIVE;
				GCC_WARN_UNUSED_FUNCTION = YES;
				GCC_WARN_UNUSED_VARIABLE = YES;
				IPHONEOS_DEPLOYMENT_TARGET = 13.2;
				MTL_ENABLE_DEBUG_INFO = NO;
				MTL_FAST_MATH = YES;
				SDKROOT = iphoneos;
				SWIFT_COMPILATION_MODE = wholemodule;
				SWIFT_OPTIMIZATION_LEVEL = "-O";
				VALIDATE_PRODUCT = YES;
			};
			name = Release;
		};
		2BF6FE95242CB37500EA7C4A /* Debug */ = {
			isa = XCBuildConfiguration;
			baseConfigurationReference = EDA1DD3BC181C89BFEDFEF83 /* Pods-goAmaze.debug.xcconfig */;
			buildSettings = {
				ASSETCATALOG_COMPILER_APPICON_NAME = AppIcon;
				CODE_SIGN_STYLE = Automatic;
				DEVELOPMENT_TEAM = R7VYX35CT4;
				INFOPLIST_FILE = goAmaze/Info.plist;
				LD_RUNPATH_SEARCH_PATHS = (
					"$(inherited)",
					"@executable_path/Frameworks",
				);
				PRODUCT_BUNDLE_IDENTIFIER = com.udacity.goAmaze;
				PRODUCT_NAME = "$(TARGET_NAME)";
				SWIFT_VERSION = 5.0;
				TARGETED_DEVICE_FAMILY = "1,2";
			};
			name = Debug;
		};
		2BF6FE96242CB37500EA7C4A /* Release */ = {
			isa = XCBuildConfiguration;
			baseConfigurationReference = 0F730DE99B9D82C957565B67 /* Pods-goAmaze.release.xcconfig */;
			buildSettings = {
				ASSETCATALOG_COMPILER_APPICON_NAME = AppIcon;
				CODE_SIGN_STYLE = Automatic;
				DEVELOPMENT_TEAM = R7VYX35CT4;
				INFOPLIST_FILE = goAmaze/Info.plist;
				LD_RUNPATH_SEARCH_PATHS = (
					"$(inherited)",
					"@executable_path/Frameworks",
				);
				PRODUCT_BUNDLE_IDENTIFIER = com.udacity.goAmaze;
				PRODUCT_NAME = "$(TARGET_NAME)";
				SWIFT_VERSION = 5.0;
				TARGETED_DEVICE_FAMILY = "1,2";
			};
			name = Release;
		};
/* End XCBuildConfiguration section */

/* Begin XCConfigurationList section */
		2BF6FE7B242CB36E00EA7C4A /* Build configuration list for PBXProject "goAmaze" */ = {
			isa = XCConfigurationList;
			buildConfigurations = (
				2BF6FE92242CB37500EA7C4A /* Debug */,
				2BF6FE93242CB37500EA7C4A /* Release */,
			);
			defaultConfigurationIsVisible = 0;
			defaultConfigurationName = Release;
		};
		2BF6FE94242CB37500EA7C4A /* Build configuration list for PBXNativeTarget "goAmaze" */ = {
			isa = XCConfigurationList;
			buildConfigurations = (
				2BF6FE95242CB37500EA7C4A /* Debug */,
				2BF6FE96242CB37500EA7C4A /* Release */,
			);
			defaultConfigurationIsVisible = 0;
			defaultConfigurationName = Release;
		};
/* End XCConfigurationList section */

/* Begin XCVersionGroup section */
		2B16571A243E3F6500FF7522 /* goAmaze.xcdatamodeld */ = {
			isa = XCVersionGroup;
			children = (
				2B165719243E3F6500FF7522 /* goAmaze.xcdatamodel */,
			);
			currentVersion = 2B165719243E3F6500FF7522 /* goAmaze.xcdatamodel */;
			path = goAmaze.xcdatamodeld;
			sourceTree = "<group>";
		};
/* End XCVersionGroup section */
	};
	rootObject = 2BF6FE78242CB36E00EA7C4A /* Project object */;
}
